
Microsoft Visual Studio Solution File, Format Version 12.00
# Visual Studio Version 17
VisualStudioVersion = 17.9.34723.18
MinimumVisualStudioVersion = 10.0.40219.1
Project("{9A19103F-16F7-4668-BE54-9A1E7A4F7556}") = "MagicVilla_VillaAPI", "MagicVilla_VillaAPI\MagicVilla_VillaAPI.csproj", "{B63E61A8-ADD0-4AA6-A208-C1C72A1230F1}"
EndProject
Project("{FAE04EC0-301F-11D3-BF4B-00C04F79EFBC}") = "MagicVilla_Web", "MagicVilla_Web\MagicVilla_Web.csproj", "{CFBCBB3D-7202-464C-861F-3ADBEF220EE8}"
EndProject
Project("{FAE04EC0-301F-11D3-BF4B-00C04F79EFBC}") = "MagicVilla_Utility", "MagicVilla_Utility\MagicVilla_Utility.csproj", "{BB820E11-8A24-4C86-B6A3-E233B5EF2D2E}"
EndProject
Global
	GlobalSection(SolutionConfigurationPlatforms) = preSolution
		Debug|Any CPU = Debug|Any CPU
		Release|Any CPU = Release|Any CPU
	EndGlobalSection
	GlobalSection(ProjectConfigurationPlatforms) = postSolution
		{B63E61A8-ADD0-4AA6-A208-C1C72A1230F1}.Debug|Any CPU.ActiveCfg = Debug|Any CPU
		{B63E61A8-ADD0-4AA6-A208-C1C72A1230F1}.Debug|Any CPU.Build.0 = Debug|Any CPU
		{B63E61A8-ADD0-4AA6-A208-C1C72A1230F1}.Release|Any CPU.ActiveCfg = Release|Any CPU
		{B63E61A8-ADD0-4AA6-A208-C1C72A1230F1}.Release|Any CPU.Build.0 = Release|Any CPU
		{CFBCBB3D-7202-464C-861F-3ADBEF220EE8}.Debug|Any CPU.ActiveCfg = Debug|Any CPU
		{CFBCBB3D-7202-464C-861F-3ADBEF220EE8}.Debug|Any CPU.Build.0 = Debug|Any CPU
		{CFBCBB3D-7202-464C-861F-3ADBEF220EE8}.Release|Any CPU.ActiveCfg = Release|Any CPU
		{CFBCBB3D-7202-464C-861F-3ADBEF220EE8}.Release|Any CPU.Build.0 = Release|Any CPU
		{BB820E11-8A24-4C86-B6A3-E233B5EF2D2E}.Debug|Any CPU.ActiveCfg = Debug|Any CPU
		{BB820E11-8A24-4C86-B6A3-E233B5EF2D2E}.Debug|Any CPU.Build.0 = Debug|Any CPU
		{BB820E11-8A24-4C86-B6A3-E233B5EF2D2E}.Release|Any CPU.ActiveCfg = Release|Any CPU
		{BB820E11-8A24-4C86-B6A3-E233B5EF2D2E}.Release|Any CPU.Build.0 = Release|Any CPU
	EndGlobalSection
	GlobalSection(SolutionProperties) = preSolution
		HideSolutionNode = FALSE
	EndGlobalSection
	GlobalSection(ExtensibilityGlobals) = postSolution
		SolutionGuid = {F487F1D8-4734-4683-B51C-C74ADC7BA839}
	EndGlobalSection
EndGlobal
